
Microsoft Visual Studio Solution File, Format Version 12.00
# Visual Studio Version 17
VisualStudioVersion = 17.5.33516.290
MinimumVisualStudioVersion = 10.0.40219.1
Project("{FAE04EC0-301F-11D3-BF4B-00C04F79EFBC}") = "Projet2-Version-2023", "Projet2-Version-2023\Projet2-Version-2023.csproj", "{F7F05F00-7B26-4A48-B043-76F447E73074}"
EndProject
Global
	GlobalSection(SolutionConfigurationPlatforms) = preSolution
		Debug|Any CPU = Debug|Any CPU
		Release|Any CPU = Release|Any CPU
	EndGlobalSection
	GlobalSection(ProjectConfigurationPlatforms) = postSolution
		{F7F05F00-7B26-4A48-B043-76F447E73074}.Debug|Any CPU.ActiveCfg = Debug|Any CPU
		{F7F05F00-7B26-4A48-B043-76F447E73074}.Debug|Any CPU.Build.0 = Debug|Any CPU
		{F7F05F00-7B26-4A48-B043-76F447E73074}.Release|Any CPU.ActiveCfg = Release|Any CPU
		{F7F05F00-7B26-4A48-B043-76F447E73074}.Release|Any CPU.Build.0 = Release|Any CPU
	EndGlobalSection
	GlobalSection(SolutionProperties) = preSolution
		HideSolutionNode = FALSE
	EndGlobalSection
	GlobalSection(ExtensibilityGlobals) = postSolution
		SolutionGuid = {FEBBC02E-2DF5-451F-B75F-D0A589DC70D0}
	EndGlobalSection
EndGlobal
